
Microsoft Visual Studio Solution File, Format Version 12.00
# Visual Studio Version 17
VisualStudioVersion = 17.5.33627.172
MinimumVisualStudioVersion = 10.0.40219.1
Project("{E53339B2-1760-4266-BCC7-CA923CBCF16C}") = "docker-compose", "docker-compose.dcproj", "{5829FBA9-07D4-4CED-829D-7448CC105C43}"
EndProject
Project("{FAE04EC0-301F-11D3-BF4B-00C04F79EFBC}") = "IdentityServer", "Services\IdentityServer\IdentityServer.csproj", "{EF5561C3-794D-4458-8692-152332A00D89}"
EndProject
Project("{FAE04EC0-301F-11D3-BF4B-00C04F79EFBC}") = "Portfolio", "Services\Portfolio\Portfolio.csproj", "{1F077FE2-3EB2-4364-9C7A-A7FC46A7313F}"
EndProject
Project("{FAE04EC0-301F-11D3-BF4B-00C04F79EFBC}") = "Storage", "Services\Storage\Storage.csproj", "{276EF16A-48E2-4282-90D8-0ACC247EE047}"
EndProject
Project("{2150E333-8FDC-42A3-9474-1A3956D46DE8}") = "EventBus", "EventBus", "{2890CC73-044A-4B31-A37C-A270733FC3B4}"
EndProject
Project("{FAE04EC0-301F-11D3-BF4B-00C04F79EFBC}") = "EventBus", "EventBus\EventBus\EventBus.csproj", "{1940F3C8-879D-4F1A-AE2D-2C122B1B491F}"
EndProject
Project("{2150E333-8FDC-42A3-9474-1A3956D46DE8}") = "Services", "Services", "{4C66DF02-88B6-4349-841C-72D6EE42F232}"
EndProject
Project("{FAE04EC0-301F-11D3-BF4B-00C04F79EFBC}") = "EventBusRabbitMQ", "EventBus\EventBusRabbitMQ\EventBusRabbitMQ.csproj", "{18D66F5B-59C5-4129-A1A4-208A285CDBFF}"
EndProject
Project("{FAE04EC0-301F-11D3-BF4B-00C04F79EFBC}") = "Services.Common", "Services\Services.Common\Services.Common.csproj", "{514A35AA-48B6-467C-A64C-4635135D85D0}"
EndProject
Global
	GlobalSection(SolutionConfigurationPlatforms) = preSolution
		Debug|Any CPU = Debug|Any CPU
		Release|Any CPU = Release|Any CPU
	EndGlobalSection
	GlobalSection(ProjectConfigurationPlatforms) = postSolution
		{05028AE8-9B98-4A65-9227-A2EF355FDEA5}.Debug|Any CPU.ActiveCfg = Debug|Any CPU
		{05028AE8-9B98-4A65-9227-A2EF355FDEA5}.Debug|Any CPU.Build.0 = Debug|Any CPU
		{05028AE8-9B98-4A65-9227-A2EF355FDEA5}.Release|Any CPU.ActiveCfg = Release|Any CPU
		{05028AE8-9B98-4A65-9227-A2EF355FDEA5}.Release|Any CPU.Build.0 = Release|Any CPU
		{5829FBA9-07D4-4CED-829D-7448CC105C43}.Debug|Any CPU.ActiveCfg = Debug|Any CPU
		{5829FBA9-07D4-4CED-829D-7448CC105C43}.Debug|Any CPU.Build.0 = Debug|Any CPU
		{5829FBA9-07D4-4CED-829D-7448CC105C43}.Release|Any CPU.ActiveCfg = Release|Any CPU
		{5829FBA9-07D4-4CED-829D-7448CC105C43}.Release|Any CPU.Build.0 = Release|Any CPU
		{EF5561C3-794D-4458-8692-152332A00D89}.Debug|Any CPU.ActiveCfg = Debug|Any CPU
		{EF5561C3-794D-4458-8692-152332A00D89}.Debug|Any CPU.Build.0 = Debug|Any CPU
		{EF5561C3-794D-4458-8692-152332A00D89}.Release|Any CPU.ActiveCfg = Release|Any CPU
		{EF5561C3-794D-4458-8692-152332A00D89}.Release|Any CPU.Build.0 = Release|Any CPU
		{EA0DF85F-02C0-4344-9FA4-7C6524D1C69C}.Debug|Any CPU.ActiveCfg = Debug|Any CPU
		{EA0DF85F-02C0-4344-9FA4-7C6524D1C69C}.Debug|Any CPU.Build.0 = Debug|Any CPU
		{EA0DF85F-02C0-4344-9FA4-7C6524D1C69C}.Release|Any CPU.ActiveCfg = Release|Any CPU
		{EA0DF85F-02C0-4344-9FA4-7C6524D1C69C}.Release|Any CPU.Build.0 = Release|Any CPU
		{1F077FE2-3EB2-4364-9C7A-A7FC46A7313F}.Debug|Any CPU.ActiveCfg = Debug|Any CPU
		{1F077FE2-3EB2-4364-9C7A-A7FC46A7313F}.Debug|Any CPU.Build.0 = Debug|Any CPU
		{1F077FE2-3EB2-4364-9C7A-A7FC46A7313F}.Release|Any CPU.ActiveCfg = Release|Any CPU
		{1F077FE2-3EB2-4364-9C7A-A7FC46A7313F}.Release|Any CPU.Build.0 = Release|Any CPU
		{276EF16A-48E2-4282-90D8-0ACC247EE047}.Debug|Any CPU.ActiveCfg = Debug|Any CPU
		{276EF16A-48E2-4282-90D8-0ACC247EE047}.Debug|Any CPU.Build.0 = Debug|Any CPU
		{276EF16A-48E2-4282-90D8-0ACC247EE047}.Release|Any CPU.ActiveCfg = Release|Any CPU
		{276EF16A-48E2-4282-90D8-0ACC247EE047}.Release|Any CPU.Build.0 = Release|Any CPU
		{1940F3C8-879D-4F1A-AE2D-2C122B1B491F}.Debug|Any CPU.ActiveCfg = Debug|Any CPU
		{1940F3C8-879D-4F1A-AE2D-2C122B1B491F}.Debug|Any CPU.Build.0 = Debug|Any CPU
		{1940F3C8-879D-4F1A-AE2D-2C122B1B491F}.Release|Any CPU.ActiveCfg = Release|Any CPU
		{1940F3C8-879D-4F1A-AE2D-2C122B1B491F}.Release|Any CPU.Build.0 = Release|Any CPU
		{18D66F5B-59C5-4129-A1A4-208A285CDBFF}.Debug|Any CPU.ActiveCfg = Debug|Any CPU
		{18D66F5B-59C5-4129-A1A4-208A285CDBFF}.Debug|Any CPU.Build.0 = Debug|Any CPU
		{18D66F5B-59C5-4129-A1A4-208A285CDBFF}.Release|Any CPU.ActiveCfg = Release|Any CPU
		{18D66F5B-59C5-4129-A1A4-208A285CDBFF}.Release|Any CPU.Build.0 = Release|Any CPU
		{514A35AA-48B6-467C-A64C-4635135D85D0}.Debug|Any CPU.ActiveCfg = Debug|Any CPU
		{514A35AA-48B6-467C-A64C-4635135D85D0}.Debug|Any CPU.Build.0 = Debug|Any CPU
		{514A35AA-48B6-467C-A64C-4635135D85D0}.Release|Any CPU.ActiveCfg = Release|Any CPU
		{514A35AA-48B6-467C-A64C-4635135D85D0}.Release|Any CPU.Build.0 = Release|Any CPU
	EndGlobalSection
	GlobalSection(SolutionProperties) = preSolution
		HideSolutionNode = FALSE
	EndGlobalSection
	GlobalSection(ExtensibilityGlobals) = postSolution
		SolutionGuid = {DD1699C8-F840-4632-97E3-6750F819C910}
	EndGlobalSection
	GlobalSection(MonoDevelopProperties) = preSolution
		Policies = $0
		$0.TextStylePolicy = $1
		$1.FileWidth = 80
		$1.TabsToSpaces = True
		$1.scope = text/x-csharp
		$0.CSharpFormattingPolicy = $2
		$2.scope = text/x-csharp
	EndGlobalSection
	GlobalSection(NestedProjects) = preSolution
		{1940F3C8-879D-4F1A-AE2D-2C122B1B491F} = {2890CC73-044A-4B31-A37C-A270733FC3B4}
		{EF5561C3-794D-4458-8692-152332A00D89} = {4C66DF02-88B6-4349-841C-72D6EE42F232}
		{1F077FE2-3EB2-4364-9C7A-A7FC46A7313F} = {4C66DF02-88B6-4349-841C-72D6EE42F232}
		{276EF16A-48E2-4282-90D8-0ACC247EE047} = {4C66DF02-88B6-4349-841C-72D6EE42F232}
		{18D66F5B-59C5-4129-A1A4-208A285CDBFF} = {2890CC73-044A-4B31-A37C-A270733FC3B4}
		{514A35AA-48B6-467C-A64C-4635135D85D0} = {4C66DF02-88B6-4349-841C-72D6EE42F232}
	EndGlobalSection
EndGlobal
